
Microsoft Visual Studio Solution File, Format Version 12.00
# Visual Studio Version 17
VisualStudioVersion = 17.14.36603.0 d17.14
MinimumVisualStudioVersion = 10.0.40219.1
Project("{C9674DCB-5085-4A16-B785-4C70DD1589BD}") = "Book_DWH", "Book_DWH\Book_DWH.dtproj", "{06B9DED8-F523-D767-DD56-75F418B78602}"
EndProject
Global
	GlobalSection(SolutionConfigurationPlatforms) = preSolution
		Development|Default = Development|Default
	EndGlobalSection
	GlobalSection(ProjectConfigurationPlatforms) = postSolution
		{06B9DED8-F523-D767-DD56-75F418B78602}.Development|Default.ActiveCfg = Development
		{06B9DED8-F523-D767-DD56-75F418B78602}.Development|Default.Build.0 = Development
	EndGlobalSection
	GlobalSection(SolutionProperties) = preSolution
		HideSolutionNode = FALSE
	EndGlobalSection
	GlobalSection(ExtensibilityGlobals) = postSolution
		SolutionGuid = {14031937-8A73-43D2-96DD-906B03658D34}
	EndGlobalSection
EndGlobal
